lockfileVersion: '6.0'

dependencies:
  cli-tableau:
    specifier: ^2.0.0
    version: registry.npmmirror.com/cli-tableau@2.0.1
  dayjs:
    specifier: ^1.11.10
    version: registry.npmmirror.com/dayjs@1.11.10
  eventemitter2:
    specifier: ^6.4.9
    version: registry.npmmirror.com/eventemitter2@6.4.9
  pm2-axon:
    specifier: ^4.0.1
    version: registry.npmmirror.com/pm2-axon@4.0.1
  pm2-axon-rpc:
    specifier: ^0.7.1
    version: registry.npmmirror.com/pm2-axon-rpc@0.7.1
  ts-mixer:
    specifier: ^6.0.3
    version: registry.npmmirror.com/ts-mixer@6.0.3
  ws:
    specifier: ^8.16.0
    version: registry.npmmirror.com/ws@8.16.0

devDependencies:
  '@types/node':
    specifier: ^20.10.6
    version: registry.npmmirror.com/@types/node@20.10.6
  '@types/ws':
    specifier: ^8.5.10
    version: registry.npmmirror.com/@types/ws@8.5.10

packages:

  registry.npmmirror.com/@types/node@20.10.6:
    resolution: {integrity: sha512-Vac8H+NlRNNlAmDfGUP7b5h/KA+AtWIzuXy0E6OyP8f1tCLYAtPvKRRDJjAPqhpCb0t6U2j7/xqAuLEebW2kiw==, registry: https://registry.npm.taobao.org/, tarball: https://registry.npmmirror.com/@types/node/-/node-20.10.6.tgz}
    name: '@types/node'
    version: 20.10.6
    dependencies:
      undici-types: registry.npmmirror.com/undici-types@5.26.5
    dev: true

  registry.npmmirror.com/@types/ws@8.5.10:
    resolution: {integrity: sha512-vmQSUcfalpIq0R9q7uTo2lXs6eGIpt9wtnLdMv9LVpIjCA/+ufZRozlVoVelIYixx1ugCBKDhn89vnsEGOCx9A==, registry: https://registry.npm.taobao.org/, tarball: https://registry.npmmirror.com/@types/ws/-/ws-8.5.10.tgz}
    name: '@types/ws'
    version: 8.5.10
    dependencies:
      '@types/node': registry.npmmirror.com/@types/node@20.10.6
    dev: true

  registry.npmmirror.com/amp-message@0.1.2:
    resolution: {integrity: sha512-JqutcFwoU1+jhv7ArgW38bqrE+LQdcRv4NxNw0mp0JHQyB6tXesWRjtYKlDgHRY2o3JE5UTaBGUK8kSWUdxWUg==, registry: https://registry.npm.taobao.org/, tarball: https://registry.npmmirror.com/amp-message/-/amp-message-0.1.2.tgz}
    name: amp-message
    version: 0.1.2
    dependencies:
      amp: registry.npmmirror.com/amp@0.3.1
    dev: false

  registry.npmmirror.com/amp@0.3.1:
    resolution: {integrity: sha512-OwIuC4yZaRogHKiuU5WlMR5Xk/jAcpPtawWL05Gj8Lvm2F6mwoJt4O/bHI+DHwG79vWd+8OFYM4/BzYqyRd3qw==, registry: https://registry.npm.taobao.org/, tarball: https://registry.npmmirror.com/amp/-/amp-0.3.1.tgz}
    name: amp
    version: 0.3.1
    dev: false

  registry.npmmirror.com/ansi-styles@4.3.0:
    resolution: {integrity: sha512-zbB9rCJAT1rbjiVDb2hqKFHNYLxgtk8NURxZ3IZwD3F6NtxbXZQCnnSi1Lkx+IDohdPlFp222wVALIheZJQSEg==, registry: https://registry.npm.taobao.org/, tarball: https://registry.npmmirror.com/ansi-styles/-/ansi-styles-4.3.0.tgz}
    name: ansi-styles
    version: 4.3.0
    engines: {node: '>=8'}
    dependencies:
      color-convert: registry.npmmirror.com/color-convert@2.0.1
    dev: false

  registry.npmmirror.com/chalk@3.0.0:
    resolution: {integrity: sha512-4D3B6Wf41KOYRFdszmDqMCGq5VV/uMAB273JILmO+3jAlh8X4qDtdtgCR3fxtbLEMzSx22QdhnDcJvu2u1fVwg==, registry: https://registry.npm.taobao.org/, tarball: https://registry.npmmirror.com/chalk/-/chalk-3.0.0.tgz}
    name: chalk
    version: 3.0.0
    engines: {node: '>=8'}
    dependencies:
      ansi-styles: registry.npmmirror.com/ansi-styles@4.3.0
      supports-color: registry.npmmirror.com/supports-color@7.2.0
    dev: false

  registry.npmmirror.com/cli-tableau@2.0.1:
    resolution: {integrity: sha512-he+WTicka9cl0Fg/y+YyxcN6/bfQ/1O3QmgxRXDhABKqLzvoOSM4fMzp39uMyLBulAFuywD2N7UaoQE7WaADxQ==, registry: https://registry.npm.taobao.org/, tarball: https://registry.npmmirror.com/cli-tableau/-/cli-tableau-2.0.1.tgz}
    name: cli-tableau
    version: 2.0.1
    engines: {node: '>=8.10.0'}
    dependencies:
      chalk: registry.npmmirror.com/chalk@3.0.0
    dev: false

  registry.npmmirror.com/color-convert@2.0.1:
    resolution: {integrity: sha512-RRECPsj7iu/xb5oKYcsFHSppFNnsj/52OVTRKb4zP5onXwVF3zVmmToNcOfGC+CRDpfK/U584fMg38ZHCaElKQ==, registry: https://registry.npm.taobao.org/, tarball: https://registry.npmmirror.com/color-convert/-/color-convert-2.0.1.tgz}
    name: color-convert
    version: 2.0.1
    engines: {node: '>=7.0.0'}
    dependencies:
      color-name: registry.npmmirror.com/color-name@1.1.4
    dev: false

  registry.npmmirror.com/color-name@1.1.4:
    resolution: {integrity: sha512-dOy+3AuW3a2wNbZHIuMZpTcgjGuLU/uBL/ubcZF9OXbDo8ff4O8yVp5Bf0efS8uEoYo5q4Fx7dY9OgQGXgAsQA==, registry: https://registry.npm.taobao.org/, tarball: https://registry.npmmirror.com/color-name/-/color-name-1.1.4.tgz}
    name: color-name
    version: 1.1.4
    dev: false

  registry.npmmirror.com/dayjs@1.11.10:
    resolution: {integrity: sha512-vjAczensTgRcqDERK0SR2XMwsF/tSvnvlv6VcF2GIhg6Sx4yOIt/irsr1RDJsKiIyBzJDpCoXiWWq28MqH2cnQ==, registry: https://registry.npm.taobao.org/, tarball: https://registry.npmmirror.com/dayjs/-/dayjs-1.11.10.tgz}
    name: dayjs
    version: 1.11.10
    dev: false

  registry.npmmirror.com/debug@4.3.4:
    resolution: {integrity: sha512-PRWFHuSU3eDtQJPvnNY7Jcket1j0t5OuOsFzPPzsekD52Zl8qUfFIPEiswXqIvHWGVHOgX+7G/vCNNhehwxfkQ==, registry: https://registry.npm.taobao.org/, tarball: https://registry.npmmirror.com/debug/-/debug-4.3.4.tgz}
    name: debug
    version: 4.3.4
    engines: {node: '>=6.0'}
    peerDependencies:
      supports-color: '*'
    peerDependenciesMeta:
      supports-color:
        optional: true
    dependencies:
      ms: registry.npmmirror.com/ms@2.1.2
    dev: false

  registry.npmmirror.com/escape-string-regexp@4.0.0:
    resolution: {integrity: sha512-TtpcNJ3XAzx3Gq8sWRzJaVajRs0uVxA2YAkdb1jm2YkPz4G6egUFAyA3n5vtEIZefPk5Wa4UXbKuS5fKkJWdgA==, registry: https://registry.npm.taobao.org/, tarball: https://registry.npmmirror.com/escape-string-regexp/-/escape-string-regexp-4.0.0.tgz}
    name: escape-string-regexp
    version: 4.0.0
    engines: {node: '>=10'}
    dev: false

  registry.npmmirror.com/eventemitter2@6.4.9:
    resolution: {integrity: sha512-JEPTiaOt9f04oa6NOkc4aH+nVp5I3wEjpHbIPqfgCdD5v5bUzy7xQqwcVO2aDQgOWhI28da57HksMrzK9HlRxg==, registry: https://registry.npm.taobao.org/, tarball: https://registry.npmmirror.com/eventemitter2/-/eventemitter2-6.4.9.tgz}
    name: eventemitter2
    version: 6.4.9
    dev: false

  registry.npmmirror.com/has-flag@4.0.0:
    resolution: {integrity: sha512-EykJT/Q1KjTWctppgIAgfSO0tKVuZUjhgMr17kqTumMl6Afv3EISleU7qZUzoXDFTAHTDC4NOoG/ZxU3EvlMPQ==, registry: https://registry.npm.taobao.org/, tarball: https://registry.npmmirror.com/has-flag/-/has-flag-4.0.0.tgz}
    name: has-flag
    version: 4.0.0
    engines: {node: '>=8'}
    dev: false

  registry.npmmirror.com/ms@2.1.2:
    resolution: {integrity: sha512-sGkPx+VjMtmA6MX27oA4FBFELFCZZ4S4XqeGOXCv68tT+jb3vk/RyaKWP0PTKyWtmLSM0b+adUTEvbs1PEaH2w==, registry: https://registry.npm.taobao.org/, tarball: https://registry.npmmirror.com/ms/-/ms-2.1.2.tgz}
    name: ms
    version: 2.1.2
    dev: false

  registry.npmmirror.com/pm2-axon-rpc@0.7.1:
    resolution: {integrity: sha512-FbLvW60w+vEyvMjP/xom2UPhUN/2bVpdtLfKJeYM3gwzYhoTEEChCOICfFzxkxuoEleOlnpjie+n1nue91bDQw==, registry: https://registry.npm.taobao.org/, tarball: https://registry.npmmirror.com/pm2-axon-rpc/-/pm2-axon-rpc-0.7.1.tgz}
    name: pm2-axon-rpc
    version: 0.7.1
    engines: {node: '>=5'}
    dependencies:
      debug: registry.npmmirror.com/debug@4.3.4
    transitivePeerDependencies:
      - supports-color
    dev: false

  registry.npmmirror.com/pm2-axon@4.0.1:
    resolution: {integrity: sha512-kES/PeSLS8orT8dR5jMlNl+Yu4Ty3nbvZRmaAtROuVm9nYYGiaoXqqKQqQYzWQzMYWUKHMQTvBlirjE5GIIxqg==, registry: https://registry.npm.taobao.org/, tarball: https://registry.npmmirror.com/pm2-axon/-/pm2-axon-4.0.1.tgz}
    name: pm2-axon
    version: 4.0.1
    engines: {node: '>=5'}
    dependencies:
      amp: registry.npmmirror.com/amp@0.3.1
      amp-message: registry.npmmirror.com/amp-message@0.1.2
      debug: registry.npmmirror.com/debug@4.3.4
      escape-string-regexp: registry.npmmirror.com/escape-string-regexp@4.0.0
    transitivePeerDependencies:
      - supports-color
    dev: false

  registry.npmmirror.com/supports-color@7.2.0:
    resolution: {integrity: sha512-qpCAvRl9stuOHveKsn7HncJRvv501qIacKzQlO/+Lwxc9+0q2wLyv4Dfvt80/DPn2pqOBsJdDiogXGR9+OvwRw==, registry: https://registry.npm.taobao.org/, tarball: https://registry.npmmirror.com/supports-color/-/supports-color-7.2.0.tgz}
    name: supports-color
    version: 7.2.0
    engines: {node: '>=8'}
    dependencies:
      has-flag: registry.npmmirror.com/has-flag@4.0.0
    dev: false

  registry.npmmirror.com/ts-mixer@6.0.3:
    resolution: {integrity: sha512-k43M7uCG1AkTyxgnmI5MPwKoUvS/bRvLvUb7+Pgpdlmok8AoqmUaZxUUw8zKM5B1lqZrt41GjYgnvAi0fppqgQ==, registry: https://registry.npm.taobao.org/, tarball: https://registry.npmmirror.com/ts-mixer/-/ts-mixer-6.0.3.tgz}
    name: ts-mixer
    version: 6.0.3
    dev: false

  registry.npmmirror.com/undici-types@5.26.5:
    resolution: {integrity: sha512-JlCMO+ehdEIKqlFxk6IfVoAUVmgz7cU7zD/h9XZ0qzeosSHmUJVOzSQvvYSYWXkFXC+IfLKSIffhv0sVZup6pA==, registry: https://registry.npm.taobao.org/, tarball: https://registry.npmmirror.com/undici-types/-/undici-types-5.26.5.tgz}
    name: undici-types
    version: 5.26.5
    dev: true

  registry.npmmirror.com/ws@8.16.0:
    resolution: {integrity: sha512-HS0c//TP7Ina87TfiPUz1rQzMhHrl/SG2guqRcTOIUYD2q8uhUdNHZYJUaQ8aTGPzCh+c6oawMKW35nFl1dxyQ==, registry: https://registry.npm.taobao.org/, tarball: https://registry.npmmirror.com/ws/-/ws-8.16.0.tgz}
    name: ws
    version: 8.16.0
    engines: {node: '>=10.0.0'}
    peerDependencies:
      bufferutil: ^4.0.1
      utf-8-validate: '>=5.0.2'
    peerDependenciesMeta:
      bufferutil:
        optional: true
      utf-8-validate:
        optional: true
    dev: false
